
Microsoft Visual Studio Solution File, Format Version 10.00
# Visual Studio 2008
Project("{FAE04EC0-301F-11D3-BF4B-00C04F79EFBC}") = "InputData", "InputData\InputData.csproj", "{946FE7E0-5AAC-42BB-AE62-AB05AA1EF8E1}"
EndProject
Global
	GlobalSection(SolutionConfigurationPlatforms) = preSolution
		Debug|Any CPU = Debug|Any CPU
		Release|Any CPU = Release|Any CPU
	EndGlobalSection
	GlobalSection(ProjectConfigurationPlatforms) = postSolution
		{946FE7E0-5AAC-42BB-AE62-AB05AA1EF8E1}.Debug|Any CPU.ActiveCfg = Debug|Any CPU
		{946FE7E0-5AAC-42BB-AE62-AB05AA1EF8E1}.Debug|Any CPU.Build.0 = Debug|Any CPU
		{946FE7E0-5AAC-42BB-AE62-AB05AA1EF8E1}.Release|Any CPU.ActiveCfg = Release|Any CPU
		{946FE7E0-5AAC-42BB-AE62-AB05AA1EF8E1}.Release|Any CPU.Build.0 = Release|Any CPU
	EndGlobalSection
	GlobalSection(SolutionProperties) = preSolution
		HideSolutionNode = FALSE
	EndGlobalSection
EndGlobal
